
Microsoft Visual Studio Solution File, Format Version 12.00
# Visual Studio Version 17
VisualStudioVersion = 17.14.37012.4 d17.14
MinimumVisualStudioVersion = 10.0.40219.1
Project("{FAE04EC0-301F-11D3-BF4B-00C04F79EFBC}") = "Assignment 02 OOP", "Assignment 02 OOP\Assignment 02 OOP.csproj", "{9BD77DB3-D9F7-4653-92FE-087382C3CA36}"
EndProject
Global
	GlobalSection(SolutionConfigurationPlatforms) = preSolution
		Debug|Any CPU = Debug|Any CPU
		Release|Any CPU = Release|Any CPU
	EndGlobalSection
	GlobalSection(ProjectConfigurationPlatforms) = postSolution
		{9BD77DB3-D9F7-4653-92FE-087382C3CA36}.Debug|Any CPU.ActiveCfg = Debug|Any CPU
		{9BD77DB3-D9F7-4653-92FE-087382C3CA36}.Debug|Any CPU.Build.0 = Debug|Any CPU
		{9BD77DB3-D9F7-4653-92FE-087382C3CA36}.Release|Any CPU.ActiveCfg = Release|Any CPU
		{9BD77DB3-D9F7-4653-92FE-087382C3CA36}.Release|Any CPU.Build.0 = Release|Any CPU
	EndGlobalSection
	GlobalSection(SolutionProperties) = preSolution
		HideSolutionNode = FALSE
	EndGlobalSection
	GlobalSection(ExtensibilityGlobals) = postSolution
		SolutionGuid = {D7DB9843-04CC-4A48-B0C4-4D2E34BFA013}
	EndGlobalSection
EndGlobal
